
Microsoft Visual Studio Solution File, Format Version 12.00
# Visual Studio 2013
VisualStudioVersion = 12.0.31101.0
MinimumVisualStudioVersion = 10.0.40219.1
Project("{FAE04EC0-301F-11D3-BF4B-00C04F79EFBC}") = "MercuryEngApp", "MercuryEngApp\MercuryEngApp.csproj", "{F661F29A-D4B1-4FF0-9E3F-12F1EBADC985}"
EndProject
Project("{FAE04EC0-301F-11D3-BF4B-00C04F79EFBC}") = "MicroMvvm", "MicroMvvm\MicroMvvm.csproj", "{9EFE6CBD-DF21-436E-9F81-E258BAB0B653}"
EndProject
Project("{FAE04EC0-301F-11D3-BF4B-00C04F79EFBC}") = "PlottingLib", "PlottingLib\PlottingLib.csproj", "{760A7C26-B324-4AEF-8DEA-48AA4D22E991}"
EndProject
Project("{FAE04EC0-301F-11D3-BF4B-00C04F79EFBC}") = "UsbWPFLibrary", "UsbWPFLibrary\UsbWPFLibrary.csproj", "{5792E4A8-E600-4659-89D5-F6C36F5AAB73}"
EndProject
Project("{FAE04EC0-301F-11D3-BF4B-00C04F79EFBC}") = "WPFPdfViewer", "WPFPdfViewer\WPFPdfViewer.csproj", "{604B06C6-0037-4361-AD95-B9C25056ABD8}"
EndProject
Project("{FAE04EC0-301F-11D3-BF4B-00C04F79EFBC}") = "Core", "Core\Core.csproj", "{1D9C6E60-8523-4672-84B7-3FF3C7A128F0}"
EndProject
Project("{FAE04EC0-301F-11D3-BF4B-00C04F79EFBC}") = "MicroControllerWPF", "MicroControllerWPF\MicroControllerWPF.csproj", "{897A4C91-AF25-4778-B841-A8F64BAA8CB8}"
EndProject
Project("{FAE04EC0-301F-11D3-BF4B-00C04F79EFBC}") = "MercuryEngApp.Test", "MercuryEngApp.Test\MercuryEngApp.Test.csproj", "{D39374C4-0592-437B-A12A-0C649D2B4DC3}"
EndProject
Global
	GlobalSection(SolutionConfigurationPlatforms) = preSolution
		Debug|Any CPU = Debug|Any CPU
		Debug|ARM = Debug|ARM
		Debug|x64 = Debug|x64
		Debug|x86 = Debug|x86
		Release|Any CPU = Release|Any CPU
		Release|ARM = Release|ARM
		Release|x64 = Release|x64
		Release|x86 = Release|x86
	EndGlobalSection
	GlobalSection(ProjectConfigurationPlatforms) = postSolution
		{F661F29A-D4B1-4FF0-9E3F-12F1EBADC985}.Debug|Any CPU.ActiveCfg = Debug|Any CPU
		{F661F29A-D4B1-4FF0-9E3F-12F1EBADC985}.Debug|Any CPU.Build.0 = Debug|Any CPU
		{F661F29A-D4B1-4FF0-9E3F-12F1EBADC985}.Debug|ARM.ActiveCfg = Debug|Any CPU
		{F661F29A-D4B1-4FF0-9E3F-12F1EBADC985}.Debug|x64.ActiveCfg = Debug|Any CPU
		{F661F29A-D4B1-4FF0-9E3F-12F1EBADC985}.Debug|x86.ActiveCfg = Debug|Any CPU
		{F661F29A-D4B1-4FF0-9E3F-12F1EBADC985}.Release|Any CPU.ActiveCfg = Release|Any CPU
		{F661F29A-D4B1-4FF0-9E3F-12F1EBADC985}.Release|Any CPU.Build.0 = Release|Any CPU
		{F661F29A-D4B1-4FF0-9E3F-12F1EBADC985}.Release|ARM.ActiveCfg = Release|Any CPU
		{F661F29A-D4B1-4FF0-9E3F-12F1EBADC985}.Release|x64.ActiveCfg = Release|Any CPU
		{F661F29A-D4B1-4FF0-9E3F-12F1EBADC985}.Release|x86.ActiveCfg = Release|Any CPU
		{9EFE6CBD-DF21-436E-9F81-E258BAB0B653}.Debug|Any CPU.ActiveCfg = Debug|Any CPU
		{9EFE6CBD-DF21-436E-9F81-E258BAB0B653}.Debug|Any CPU.Build.0 = Debug|Any CPU
		{9EFE6CBD-DF21-436E-9F81-E258BAB0B653}.Debug|ARM.ActiveCfg = Debug|Any CPU
		{9EFE6CBD-DF21-436E-9F81-E258BAB0B653}.Debug|x64.ActiveCfg = Debug|Any CPU
		{9EFE6CBD-DF21-436E-9F81-E258BAB0B653}.Debug|x86.ActiveCfg = Debug|Any CPU
		{9EFE6CBD-DF21-436E-9F81-E258BAB0B653}.Release|Any CPU.ActiveCfg = Release|Any CPU
		{9EFE6CBD-DF21-436E-9F81-E258BAB0B653}.Release|Any CPU.Build.0 = Release|Any CPU
		{9EFE6CBD-DF21-436E-9F81-E258BAB0B653}.Release|ARM.ActiveCfg = Release|Any CPU
		{9EFE6CBD-DF21-436E-9F81-E258BAB0B653}.Release|x64.ActiveCfg = Release|Any CPU
		{9EFE6CBD-DF21-436E-9F81-E258BAB0B653}.Release|x86.ActiveCfg = Release|Any CPU
		{760A7C26-B324-4AEF-8DEA-48AA4D22E991}.Debug|Any CPU.ActiveCfg = Debug|Any CPU
		{760A7C26-B324-4AEF-8DEA-48AA4D22E991}.Debug|Any CPU.Build.0 = Debug|Any CPU
		{760A7C26-B324-4AEF-8DEA-48AA4D22E991}.Debug|ARM.ActiveCfg = Debug|Any CPU
		{760A7C26-B324-4AEF-8DEA-48AA4D22E991}.Debug|x64.ActiveCfg = Debug|Any CPU
		{760A7C26-B324-4AEF-8DEA-48AA4D22E991}.Debug|x86.ActiveCfg = Debug|Any CPU
		{760A7C26-B324-4AEF-8DEA-48AA4D22E991}.Release|Any CPU.ActiveCfg = Release|Any CPU
		{760A7C26-B324-4AEF-8DEA-48AA4D22E991}.Release|Any CPU.Build.0 = Release|Any CPU
		{760A7C26-B324-4AEF-8DEA-48AA4D22E991}.Release|ARM.ActiveCfg = Release|Any CPU
		{760A7C26-B324-4AEF-8DEA-48AA4D22E991}.Release|x64.ActiveCfg = Release|Any CPU
		{760A7C26-B324-4AEF-8DEA-48AA4D22E991}.Release|x86.ActiveCfg = Release|Any CPU
		{5792E4A8-E600-4659-89D5-F6C36F5AAB73}.Debug|Any CPU.ActiveCfg = Debug|Any CPU
		{5792E4A8-E600-4659-89D5-F6C36F5AAB73}.Debug|Any CPU.Build.0 = Debug|Any CPU
		{5792E4A8-E600-4659-89D5-F6C36F5AAB73}.Debug|ARM.ActiveCfg = Debug|Any CPU
		{5792E4A8-E600-4659-89D5-F6C36F5AAB73}.Debug|x64.ActiveCfg = Debug|Any CPU
		{5792E4A8-E600-4659-89D5-F6C36F5AAB73}.Debug|x86.ActiveCfg = Debug|Any CPU
		{5792E4A8-E600-4659-89D5-F6C36F5AAB73}.Release|Any CPU.ActiveCfg = Release|Any CPU
		{5792E4A8-E600-4659-89D5-F6C36F5AAB73}.Release|Any CPU.Build.0 = Release|Any CPU
		{5792E4A8-E600-4659-89D5-F6C36F5AAB73}.Release|ARM.ActiveCfg = Release|Any CPU
		{5792E4A8-E600-4659-89D5-F6C36F5AAB73}.Release|x64.ActiveCfg = Release|Any CPU
		{5792E4A8-E600-4659-89D5-F6C36F5AAB73}.Release|x86.ActiveCfg = Release|Any CPU
		{604B06C6-0037-4361-AD95-B9C25056ABD8}.Debug|Any CPU.ActiveCfg = Debug|Any CPU
		{604B06C6-0037-4361-AD95-B9C25056ABD8}.Debug|Any CPU.Build.0 = Debug|Any CPU
		{604B06C6-0037-4361-AD95-B9C25056ABD8}.Debug|ARM.ActiveCfg = Debug|Any CPU
		{604B06C6-0037-4361-AD95-B9C25056ABD8}.Debug|x64.ActiveCfg = Debug|Any CPU
		{604B06C6-0037-4361-AD95-B9C25056ABD8}.Debug|x86.ActiveCfg = Debug|Any CPU
		{604B06C6-0037-4361-AD95-B9C25056ABD8}.Release|Any CPU.ActiveCfg = Release|Any CPU
		{604B06C6-0037-4361-AD95-B9C25056ABD8}.Release|Any CPU.Build.0 = Release|Any CPU
		{604B06C6-0037-4361-AD95-B9C25056ABD8}.Release|ARM.ActiveCfg = Release|Any CPU
		{604B06C6-0037-4361-AD95-B9C25056ABD8}.Release|x64.ActiveCfg = Release|Any CPU
		{604B06C6-0037-4361-AD95-B9C25056ABD8}.Release|x86.ActiveCfg = Release|Any CPU
		{1D9C6E60-8523-4672-84B7-3FF3C7A128F0}.Debug|Any CPU.ActiveCfg = Debug|Any CPU
		{1D9C6E60-8523-4672-84B7-3FF3C7A128F0}.Debug|Any CPU.Build.0 = Debug|Any CPU
		{1D9C6E60-8523-4672-84B7-3FF3C7A128F0}.Debug|ARM.ActiveCfg = Debug|Any CPU
		{1D9C6E60-8523-4672-84B7-3FF3C7A128F0}.Debug|x64.ActiveCfg = Debug|Any CPU
		{1D9C6E60-8523-4672-84B7-3FF3C7A128F0}.Debug|x86.ActiveCfg = Debug|Any CPU
		{1D9C6E60-8523-4672-84B7-3FF3C7A128F0}.Release|Any CPU.ActiveCfg = Release|Any CPU
		{1D9C6E60-8523-4672-84B7-3FF3C7A128F0}.Release|Any CPU.Build.0 = Release|Any CPU
		{1D9C6E60-8523-4672-84B7-3FF3C7A128F0}.Release|ARM.ActiveCfg = Release|Any CPU
		{1D9C6E60-8523-4672-84B7-3FF3C7A128F0}.Release|x64.ActiveCfg = Release|Any CPU
		{1D9C6E60-8523-4672-84B7-3FF3C7A128F0}.Release|x86.ActiveCfg = Release|Any CPU
		{897A4C91-AF25-4778-B841-A8F64BAA8CB8}.Debug|Any CPU.ActiveCfg = Debug|Any CPU
		{897A4C91-AF25-4778-B841-A8F64BAA8CB8}.Debug|Any CPU.Build.0 = Debug|Any CPU
		{897A4C91-AF25-4778-B841-A8F64BAA8CB8}.Debug|ARM.ActiveCfg = Debug|Any CPU
		{897A4C91-AF25-4778-B841-A8F64BAA8CB8}.Debug|x64.ActiveCfg = Debug|Any CPU
		{897A4C91-AF25-4778-B841-A8F64BAA8CB8}.Debug|x86.ActiveCfg = Debug|Any CPU
		{897A4C91-AF25-4778-B841-A8F64BAA8CB8}.Release|Any CPU.ActiveCfg = Release|Any CPU
		{897A4C91-AF25-4778-B841-A8F64BAA8CB8}.Release|Any CPU.Build.0 = Release|Any CPU
		{897A4C91-AF25-4778-B841-A8F64BAA8CB8}.Release|ARM.ActiveCfg = Release|Any CPU
		{897A4C91-AF25-4778-B841-A8F64BAA8CB8}.Release|x64.ActiveCfg = Release|Any CPU
		{897A4C91-AF25-4778-B841-A8F64BAA8CB8}.Release|x86.ActiveCfg = Release|Any CPU
		{D39374C4-0592-437B-A12A-0C649D2B4DC3}.Debug|Any CPU.ActiveCfg = Debug|Any CPU
		{D39374C4-0592-437B-A12A-0C649D2B4DC3}.Debug|Any CPU.Build.0 = Debug|Any CPU
		{D39374C4-0592-437B-A12A-0C649D2B4DC3}.Debug|ARM.ActiveCfg = Debug|Any CPU
		{D39374C4-0592-437B-A12A-0C649D2B4DC3}.Debug|x64.ActiveCfg = Debug|Any CPU
		{D39374C4-0592-437B-A12A-0C649D2B4DC3}.Debug|x86.ActiveCfg = Debug|Any CPU
		{D39374C4-0592-437B-A12A-0C649D2B4DC3}.Release|Any CPU.ActiveCfg = Release|Any CPU
		{D39374C4-0592-437B-A12A-0C649D2B4DC3}.Release|Any CPU.Build.0 = Release|Any CPU
		{D39374C4-0592-437B-A12A-0C649D2B4DC3}.Release|ARM.ActiveCfg = Release|Any CPU
		{D39374C4-0592-437B-A12A-0C649D2B4DC3}.Release|x64.ActiveCfg = Release|Any CPU
		{D39374C4-0592-437B-A12A-0C649D2B4DC3}.Release|x86.ActiveCfg = Release|Any CPU
	EndGlobalSection
	GlobalSection(SolutionProperties) = preSolution
		HideSolutionNode = FALSE
	EndGlobalSection
EndGlobal
